
Microsoft Visual Studio Solution File, Format Version 12.00
# Visual Studio Version 16
VisualStudioVersion = 16.0.32002.261
MinimumVisualStudioVersion = 10.0.40219.1
Project("{FAE04EC0-301F-11D3-BF4B-00C04F79EFBC}") = "SISTEMADEVENTAS", "SISTEMADEVENTAS\SISTEMADEVENTAS.csproj", "{685AB932-59B8-4229-8A1A-82D11A3ADB90}"
EndProject
Global
	GlobalSection(SolutionConfigurationPlatforms) = preSolution
		Debug|Any CPU = Debug|Any CPU
		Release|Any CPU = Release|Any CPU
	EndGlobalSection
	GlobalSection(ProjectConfigurationPlatforms) = postSolution
		{685AB932-59B8-4229-8A1A-82D11A3ADB90}.Debug|Any CPU.ActiveCfg = Debug|Any CPU
		{685AB932-59B8-4229-8A1A-82D11A3ADB90}.Debug|Any CPU.Build.0 = Debug|Any CPU
		{685AB932-59B8-4229-8A1A-82D11A3ADB90}.Release|Any CPU.ActiveCfg = Release|Any CPU
		{685AB932-59B8-4229-8A1A-82D11A3ADB90}.Release|Any CPU.Build.0 = Release|Any CPU
	EndGlobalSection
	GlobalSection(SolutionProperties) = preSolution
		HideSolutionNode = FALSE
	EndGlobalSection
	GlobalSection(ExtensibilityGlobals) = postSolution
		SolutionGuid = {DCC05057-64BD-4279-A711-98D5E2A9AC5D}
	EndGlobalSection
EndGlobal
